
Microsoft Visual Studio Solution File, Format Version 12.00
# Visual Studio Version 16
VisualStudioVersion = 16.0.30413.136
MinimumVisualStudioVersion = 10.0.40219.1
Project("{9092AA53-FB77-4645-B42D-1CCCA6BD08BD}") = "Taks_2_JS", "Taks_2_JS\Taks_2_JS.njsproj", "{89F92F70-08B2-403D-BE69-7D79502E701C}"
EndProject
Global
	GlobalSection(SolutionConfigurationPlatforms) = preSolution
		Debug|Any CPU = Debug|Any CPU
		Release|Any CPU = Release|Any CPU
	EndGlobalSection
	GlobalSection(ProjectConfigurationPlatforms) = postSolution
		{89F92F70-08B2-403D-BE69-7D79502E701C}.Debug|Any CPU.ActiveCfg = Debug|Any CPU
		{89F92F70-08B2-403D-BE69-7D79502E701C}.Debug|Any CPU.Build.0 = Debug|Any CPU
		{89F92F70-08B2-403D-BE69-7D79502E701C}.Release|Any CPU.ActiveCfg = Release|Any CPU
		{89F92F70-08B2-403D-BE69-7D79502E701C}.Release|Any CPU.Build.0 = Release|Any CPU
	EndGlobalSection
	GlobalSection(SolutionProperties) = preSolution
		HideSolutionNode = FALSE
	EndGlobalSection
	GlobalSection(ExtensibilityGlobals) = postSolution
		SolutionGuid = {D220D5BA-49DC-435D-8887-9FE7EA7061C2}
	EndGlobalSection
EndGlobal
